
Microsoft Visual Studio Solution File, Format Version 12.00
# Visual Studio Version 17
VisualStudioVersion = 17.0.31903.59
MinimumVisualStudioVersion = 10.0.40219.1
Project("{9A19103F-16F7-4668-BE54-9A1E7A4F7556}") = "API", "API\API.csproj", "{6125BA86-5DF8-4D04-A45F-5CB3B743EE63}"
EndProject
Project("{FAE04EC0-301F-11D3-BF4B-00C04F79EFBC}") = "API.Data", "API.Data\API.Data.csproj", "{28AFFE4D-90A0-4A7B-8106-F32CCBDB1A3E}"
EndProject
Project("{FAE04EC0-301F-11D3-BF4B-00C04F79EFBC}") = "API.Data.Migrations", "API.Data.Migrations\API.Data.Migrations.csproj", "{D92E5659-EF9A-4AAE-BC54-8CB59DCA26B0}"
EndProject
Global
	GlobalSection(SolutionConfigurationPlatforms) = preSolution
		Debug|Any CPU = Debug|Any CPU
		Release|Any CPU = Release|Any CPU
	EndGlobalSection
	GlobalSection(ProjectConfigurationPlatforms) = postSolution
		{6125BA86-5DF8-4D04-A45F-5CB3B743EE63}.Debug|Any CPU.ActiveCfg = Debug|Any CPU
		{6125BA86-5DF8-4D04-A45F-5CB3B743EE63}.Debug|Any CPU.Build.0 = Debug|Any CPU
		{6125BA86-5DF8-4D04-A45F-5CB3B743EE63}.Release|Any CPU.ActiveCfg = Release|Any CPU
		{6125BA86-5DF8-4D04-A45F-5CB3B743EE63}.Release|Any CPU.Build.0 = Release|Any CPU
		{28AFFE4D-90A0-4A7B-8106-F32CCBDB1A3E}.Debug|Any CPU.ActiveCfg = Debug|Any CPU
		{28AFFE4D-90A0-4A7B-8106-F32CCBDB1A3E}.Debug|Any CPU.Build.0 = Debug|Any CPU
		{28AFFE4D-90A0-4A7B-8106-F32CCBDB1A3E}.Release|Any CPU.ActiveCfg = Release|Any CPU
		{28AFFE4D-90A0-4A7B-8106-F32CCBDB1A3E}.Release|Any CPU.Build.0 = Release|Any CPU
		{D92E5659-EF9A-4AAE-BC54-8CB59DCA26B0}.Debug|Any CPU.ActiveCfg = Debug|Any CPU
		{D92E5659-EF9A-4AAE-BC54-8CB59DCA26B0}.Debug|Any CPU.Build.0 = Debug|Any CPU
		{D92E5659-EF9A-4AAE-BC54-8CB59DCA26B0}.Release|Any CPU.ActiveCfg = Release|Any CPU
		{D92E5659-EF9A-4AAE-BC54-8CB59DCA26B0}.Release|Any CPU.Build.0 = Release|Any CPU
	EndGlobalSection
	GlobalSection(SolutionProperties) = preSolution
		HideSolutionNode = FALSE
	EndGlobalSection
	GlobalSection(ExtensibilityGlobals) = postSolution
		SolutionGuid = {E9B97523-10DF-42AF-A82E-586C479E2CE8}
	EndGlobalSection
EndGlobal
